
Microsoft Visual Studio Solution File, Format Version 12.00
# Visual Studio Version 16
VisualStudioVersion = 16.0.30711.63
MinimumVisualStudioVersion = 10.0.40219.1
Project("{9A19103F-16F7-4668-BE54-9A1E7A4F7556}") = "QuestionAnswer", "QuestionAnswer\QuestionAnswer.csproj", "{2BECAE61-C550-4AD4-B343-E1F5DA723A47}"
EndProject
Project("{FAE04EC0-301F-11D3-BF4B-00C04F79EFBC}") = "Service", "Service\Service.csproj", "{D10D4622-DD3A-4D37-A188-FB48FAC879AE}"
EndProject
Project("{FAE04EC0-301F-11D3-BF4B-00C04F79EFBC}") = "Repository", "Repository\Repository.csproj", "{05D7BF9E-1DB0-4B28-80FC-3F57BD96BBF8}"
EndProject
Global
	GlobalSection(SolutionConfigurationPlatforms) = preSolution
		Debug|Any CPU = Debug|Any CPU
		Release|Any CPU = Release|Any CPU
	EndGlobalSection
	GlobalSection(ProjectConfigurationPlatforms) = postSolution
		{2BECAE61-C550-4AD4-B343-E1F5DA723A47}.Debug|Any CPU.ActiveCfg = Debug|Any CPU
		{2BECAE61-C550-4AD4-B343-E1F5DA723A47}.Debug|Any CPU.Build.0 = Debug|Any CPU
		{2BECAE61-C550-4AD4-B343-E1F5DA723A47}.Release|Any CPU.ActiveCfg = Release|Any CPU
		{2BECAE61-C550-4AD4-B343-E1F5DA723A47}.Release|Any CPU.Build.0 = Release|Any CPU
		{D10D4622-DD3A-4D37-A188-FB48FAC879AE}.Debug|Any CPU.ActiveCfg = Debug|Any CPU
		{D10D4622-DD3A-4D37-A188-FB48FAC879AE}.Debug|Any CPU.Build.0 = Debug|Any CPU
		{D10D4622-DD3A-4D37-A188-FB48FAC879AE}.Release|Any CPU.ActiveCfg = Release|Any CPU
		{D10D4622-DD3A-4D37-A188-FB48FAC879AE}.Release|Any CPU.Build.0 = Release|Any CPU
		{05D7BF9E-1DB0-4B28-80FC-3F57BD96BBF8}.Debug|Any CPU.ActiveCfg = Debug|Any CPU
		{05D7BF9E-1DB0-4B28-80FC-3F57BD96BBF8}.Debug|Any CPU.Build.0 = Debug|Any CPU
		{05D7BF9E-1DB0-4B28-80FC-3F57BD96BBF8}.Release|Any CPU.ActiveCfg = Release|Any CPU
		{05D7BF9E-1DB0-4B28-80FC-3F57BD96BBF8}.Release|Any CPU.Build.0 = Release|Any CPU
	EndGlobalSection
	GlobalSection(SolutionProperties) = preSolution
		HideSolutionNode = FALSE
	EndGlobalSection
	GlobalSection(ExtensibilityGlobals) = postSolution
		SolutionGuid = {4961E4F0-B172-4F87-97B4-716396675E52}
	EndGlobalSection
EndGlobal
